
Microsoft Visual Studio Solution File, Format Version 12.00
# Visual Studio 2013
VisualStudioVersion = 12.0.30501.0
MinimumVisualStudioVersion = 10.0.40219.1
Project("{8BC9CEB8-8B4A-11D0-8D11-00A0C91BC942}") = "BlackboardModule", "BlackboardModule.vcxproj", "{35B87032-25BE-430E-8319-FF6C698449B7}"
EndProject
Project("{8BC9CEB8-8B4A-11D0-8D11-00A0C91BC942}") = "BlackboardUnitTest", "BlackboardUnitTest\BlackboardUnitTest.vcxproj", "{538FC7D1-9DEC-4750-9C89-22F7BB8AA53C}"
EndProject
Global
	GlobalSection(SolutionConfigurationPlatforms) = preSolution
		Debug|Win32 = Debug|Win32
		Release|Win32 = Release|Win32
	EndGlobalSection
	GlobalSection(ProjectConfigurationPlatforms) = postSolution
		{35B87032-25BE-430E-8319-FF6C698449B7}.Debug|Win32.ActiveCfg = Debug|Win32
		{35B87032-25BE-430E-8319-FF6C698449B7}.Debug|Win32.Build.0 = Debug|Win32
		{35B87032-25BE-430E-8319-FF6C698449B7}.Release|Win32.ActiveCfg = Release|Win32
		{35B87032-25BE-430E-8319-FF6C698449B7}.Release|Win32.Build.0 = Release|Win32
		{538FC7D1-9DEC-4750-9C89-22F7BB8AA53C}.Debug|Win32.ActiveCfg = Debug|Win32
		{538FC7D1-9DEC-4750-9C89-22F7BB8AA53C}.Debug|Win32.Build.0 = Debug|Win32
		{538FC7D1-9DEC-4750-9C89-22F7BB8AA53C}.Release|Win32.ActiveCfg = Release|Win32
		{538FC7D1-9DEC-4750-9C89-22F7BB8AA53C}.Release|Win32.Build.0 = Release|Win32
	EndGlobalSection
	GlobalSection(SolutionProperties) = preSolution
		HideSolutionNode = FALSE
	EndGlobalSection
EndGlobal
